schema: '2.0'
stages:
  preprocess:
    cmd: python src/preprocess/preprocess.py --config_file config.yaml
    deps:
    - path: config.yaml
      hash: md5
      md5: 2e48872e0ea90b91308c38e94ba25297
      size: 216
    - path: data/raw/X.tsv
      hash: md5
      md5: 7db2560db92a2be94f927f2fea14e4c5
      size: 235184798
    - path: data/raw/Y.tsv
      hash: md5
      md5: d46bd956af74ecdaa8d0fef28f494cb5
      size: 2335677
    - path: data/raw/compoundinfo.csv
      hash: md5
      md5: 9cb7af1bb6d33917ba26eec9b598ad81
      size: 41423
    - path: src/preprocess/preprocess.py
      hash: md5
      md5: 451276e43c71709251aee7b81e44fa0c
      size: 7630
    outs:
    - path: data/processed/final_dataset.csv
      hash: md5
      md5: cd607c3094f5827366da63d24c98e4e9
      size: 409309272
